
Microsoft Visual Studio Solution File, Format Version 12.00
# Visual Studio Version 17
VisualStudioVersion = 17.8.34316.72
MinimumVisualStudioVersion = 10.0.40219.1
Project("{FAE04EC0-301F-11D3-BF4B-00C04F79EFBC}") = "BookStoreApi", "BookStoreApi\BookStoreApi.csproj", "{9088335B-FA00-4FD5-BEAB-BE7C4FCC23AD}"
EndProject
Global
	GlobalSection(SolutionConfigurationPlatforms) = preSolution
		Debug|Any CPU = Debug|Any CPU
		Release|Any CPU = Release|Any CPU
	EndGlobalSection
	GlobalSection(ProjectConfigurationPlatforms) = postSolution
		{9088335B-FA00-4FD5-BEAB-BE7C4FCC23AD}.Debug|Any CPU.ActiveCfg = Debug|Any CPU
		{9088335B-FA00-4FD5-BEAB-BE7C4FCC23AD}.Debug|Any CPU.Build.0 = Debug|Any CPU
		{9088335B-FA00-4FD5-BEAB-BE7C4FCC23AD}.Release|Any CPU.ActiveCfg = Release|Any CPU
		{9088335B-FA00-4FD5-BEAB-BE7C4FCC23AD}.Release|Any CPU.Build.0 = Release|Any CPU
	EndGlobalSection
	GlobalSection(SolutionProperties) = preSolution
		HideSolutionNode = FALSE
	EndGlobalSection
	GlobalSection(ExtensibilityGlobals) = postSolution
		SolutionGuid = {6CDE07C0-B5C6-43F3-8B63-6B2B22317726}
	EndGlobalSection
EndGlobal
